// !$*UTF8*$!
{
	archiveVersion = 1;
	classes = {
	};
	objectVersion = 46;
	objects = {

/* Begin PBXBuildFile section */
		F55ED8A6196766EA002F4B7F /* Foundation.framework in Frameworks */ = {isa = PBXBuildFile; fileRef = F55ED8A5196766EA002F4B7F /* Foundation.framework */; };
		F55ED8A8196766EA002F4B7F /* CoreGraphics.framework in Frameworks */ = {isa = PBXBuildFile; fileRef = F55ED8A7196766EA002F4B7F /* CoreGraphics.framework */; };
		F55ED8AA196766EA002F4B7F /* UIKit.framework in Frameworks */ = {isa = PBXBuildFile; fileRef = F55ED8A9196766EA002F4B7F /* UIKit.framework */; };
		F55ED8B0196766EA002F4B7F /* InfoPlist.strings in Resources */ = {isa = PBXBuildFile; fileRef = F55ED8AE196766EA002F4B7F /* InfoPlist.strings */; };
		F55ED8B2196766EA002F4B7F /* main.m in Sources */ = {isa = PBXBuildFile; fileRef = F55ED8B1196766EA002F4B7F /* main.m */; };
		F55ED8B6196766EA002F4B7F /* AppDelegate.m in Sources */ = {isa = PBXBuildFile; fileRef = F55ED8B5196766EA002F4B7F /* AppDelegate.m */; };
		F55ED8B9196766EA002F4B7F /* Main.storyboard in Resources */ = {isa = PBXBuildFile; fileRef = F55ED8B7196766EA002F4B7F /* Main.storyboard */; };
		F55ED8BC196766EA002F4B7F /* MainViewController.m in Sources */ = {isa = PBXBuildFile; fileRef = F55ED8BB196766EA002F4B7F /* MainViewController.m */; };
		F55ED8BE196766EA002F4B7F /* Images.xcassets in Resources */ = {isa = PBXBuildFile; fileRef = F55ED8BD196766EA002F4B7F /* Images.xcassets */; };
		F55ED8C5196766EA002F4B7F /* XCTest.framework in Frameworks */ = {isa = PBXBuildFile; fileRef = F55ED8C4196766EA002F4B7F /* XCTest.framework */; };
		F55ED8C6196766EA002F4B7F /* Foundation.framework in Frameworks */ = {isa = PBXBuildFile; fileRef = F55ED8A5196766EA002F4B7F /* Foundation.framework */; };
		F55ED8C7196766EA002F4B7F /* UIKit.framework in Frameworks */ = {isa = PBXBuildFile; fileRef = F55ED8A9196766EA002F4B7F /* UIKit.framework */; };
		F55ED8CF196766EA002F4B7F /* InfoPlist.strings in Resources */ = {isa = PBXBuildFile; fileRef = F55ED8CD196766EA002F4B7F /* InfoPlist.strings */; };
		F55ED8D1196766EA002F4B7F /* sapraboappTests.m in Sources */ = {isa = PBXBuildFile; fileRef = F55ED8D0196766EA002F4B7F /* sapraboappTests.m */; };
		F55ED8DE196768B2002F4B7F /* BaseViewController.m in Sources */ = {isa = PBXBuildFile; fileRef = F55ED8DB196768B2002F4B7F /* BaseViewController.m */; };
		F55ED8DF196768B2002F4B7F /* GeoLocationManager.m in Sources */ = {isa = PBXBuildFile; fileRef = F55ED8DD196768B2002F4B7F /* GeoLocationManager.m */; };
/* End PBXBuildFile section */

/* Begin PBXContainerItemProxy section */
		F55ED8C8196766EA002F4B7F /* PBXContainerItemProxy */ = {
			isa = PBXContainerItemProxy;
			containerPortal = F55ED89A196766E9002F4B7F /* Project object */;
			proxyType = 1;
			remoteGlobalIDString = F55ED8A1196766EA002F4B7F;
			remoteInfo = sapraboapp;
		};
/* End PBXContainerItemProxy section */

/* Begin PBXFileReference section */
		F55ED8A2196766EA002F4B7F /* sapraboapp.app */ = {isa = PBXFileReference; explicitFileType = wrapper.application; includeInIndex = 0; path = sapraboapp.app; sourceTree = BUILT_PRODUCTS_DIR; };
		F55ED8A5196766EA002F4B7F /* Foundation.framework */ = {isa = PBXFileReference; lastKnownFileType = wrapper.framework; name = Foundation.framework; path = System/Library/Frameworks/Foundation.framework; sourceTree = SDKROOT; };
		F55ED8A7196766EA002F4B7F /* CoreGraphics.framework */ = {isa = PBXFileReference; lastKnownFileType = wrapper.framework; name = CoreGraphics.framework; path = System/Library/Frameworks/CoreGraphics.framework; sourceTree = SDKROOT; };
		F55ED8A9196766EA002F4B7F /* UIKit.framework */ = {isa = PBXFileReference; lastKnownFileType = wrapper.framework; name = UIKit.framework; path = System/Library/Frameworks/UIKit.framework; sourceTree = SDKROOT; };
		F55ED8AD196766EA002F4B7F /* sapraboapp-Info.plist */ = {isa = PBXFileReference; lastKnownFileType = text.plist.xml; path = "sapraboapp-Info.plist"; sourceTree = "<group>"; };
		F55ED8AF196766EA002F4B7F /* en */ = {isa = PBXFileReference; lastKnownFileType = text.plist.strings; name = en; path = en.lproj/InfoPlist.strings; sourceTree = "<group>"; };
		F55ED8B1196766EA002F4B7F /* main.m */ = {isa = PBXFileReference; lastKnownFileType = sourcecode.c.objc; path = main.m; sourceTree = "<group>"; };
		F55ED8B3196766EA002F4B7F /* sapraboapp-Prefix.pch */ = {isa = PBXFileReference; lastKnownFileType = sourcecode.c.h; path = "sapraboapp-Prefix.pch"; sourceTree = "<group>"; };
		F55ED8B4196766EA002F4B7F /* AppDelegate.h */ = {isa = PBXFileReference; lastKnownFileType = sourcecode.c.h; path = AppDelegate.h; sourceTree = "<group>"; };
		F55ED8B5196766EA002F4B7F /* AppDelegate.m */ = {isa = PBXFileReference; lastKnownFileType = sourcecode.c.objc; path = AppDelegate.m; sourceTree = "<group>"; };
		F55ED8B8196766EA002F4B7F /* Base */ = {isa = PBXFileReference; lastKnownFileType = file.storyboard; name = Base; path = Base.lproj/Main.storyboard; sourceTree = "<group>"; };
		F55ED8BA196766EA002F4B7F /* MainViewController.h */ = {isa = PBXFileReference; lastKnownFileType = sourcecode.c.h; path = MainViewController.h; sourceTree = "<group>"; };
		F55ED8BB196766EA002F4B7F /* MainViewController.m */ = {isa = PBXFileReference; lastKnownFileType = sourcecode.c.objc; path = MainViewController.m; sourceTree = "<group>"; };
		F55ED8BD196766EA002F4B7F /* Images.xcassets */ = {isa = PBXFileReference; lastKnownFileType = folder.assetcatalog; path = Images.xcassets; sourceTree = "<group>"; };
		F55ED8C3196766EA002F4B7F /* sapraboappTests.xctest */ = {isa = PBXFileReference; explicitFileType = wrapper.cfbundle; includeInIndex = 0; path = sapraboappTests.xctest; sourceTree = BUILT_PRODUCTS_DIR; };
		F55ED8C4196766EA002F4B7F /* XCTest.framework */ = {isa = PBXFileReference; lastKnownFileType = wrapper.framework; name = XCTest.framework; path = Library/Frameworks/XCTest.framework; sourceTree = DEVELOPER_DIR; };
		F55ED8CC196766EA002F4B7F /* sapraboappTests-Info.plist */ = {isa = PBXFileReference; lastKnownFileType = text.plist.xml; path = "sapraboappTests-Info.plist"; sourceTree = "<group>"; };
		F55ED8CE196766EA002F4B7F /* en */ = {isa = PBXFileReference; lastKnownFileType = text.plist.strings; name = en; path = en.lproj/InfoPlist.strings; sourceTree = "<group>"; };
		F55ED8D0196766EA002F4B7F /* sapraboappTests.m */ = {isa = PBXFileReference; lastKnownFileType = sourcecode.c.objc; path = sapraboappTests.m; sourceTree = "<group>"; };
		F55ED8DA196768B2002F4B7F /* BaseViewController.h */ = {isa = PBXFileReference; fileEncoding = 4; lastKnownFileType = sourcecode.c.h; path = BaseViewController.h; sourceTree = "<group>"; };
		F55ED8DB196768B2002F4B7F /* BaseViewController.m */ = {isa = PBXFileReference; fileEncoding = 4; lastKnownFileType = sourcecode.c.objc; path = BaseViewController.m; sourceTree = "<group>"; };
		F55ED8DC196768B2002F4B7F /* GeoLocationManager.h */ = {isa = PBXFileReference; fileEncoding = 4; lastKnownFileType = sourcecode.c.h; path = GeoLocationManager.h; sourceTree = "<group>"; };
		F55ED8DD196768B2002F4B7F /* GeoLocationManager.m */ = {isa = PBXFileReference; fileEncoding = 4; lastKnownFileType = sourcecode.c.objc; path = GeoLocationManager.m; sourceTree = "<group>"; };
		F55ED8E019676F5B002F4B7F /* MyConstants.h */ = {isa = PBXFileReference; fileEncoding = 4; lastKnownFileType = sourcecode.c.h; path = MyConstants.h; sourceTree = "<group>"; };
/* End PBXFileReference section */

/* Begin PBXFrameworksBuildPhase section */
		F55ED89F196766EA002F4B7F /* Frameworks */ = {
			isa = PBXFrameworksBuildPhase;
			buildActionMask = 2147483647;
			files = (
				F55ED8A8196766EA002F4B7F /* CoreGraphics.framework in Frameworks */,
				F55ED8AA196766EA002F4B7F /* UIKit.framework in Frameworks */,
				F55ED8A6196766EA002F4B7F /* Foundation.framework in Frameworks */,
			);
			runOnlyForDeploymentPostprocessing = 0;
		};
		F55ED8C0196766EA002F4B7F /* Frameworks */ = {
			isa = PBXFrameworksBuildPhase;
			buildActionMask = 2147483647;
			files = (
				F55ED8C5196766EA002F4B7F /* XCTest.framework in Frameworks */,
				F55ED8C7196766EA002F4B7F /* UIKit.framework in Frameworks */,
				F55ED8C6196766EA002F4B7F /* Foundation.framework in Frameworks */,
			);
			runOnlyForDeploymentPostprocessing = 0;
		};
/* End PBXFrameworksBuildPhase section */

/* Begin PBXGroup section */
		F55ED899196766E9002F4B7F = {
			isa = PBXGroup;
			children = (
				F55ED8AB196766EA002F4B7F /* sapraboapp */,
				F55ED8CA196766EA002F4B7F /* sapraboappTests */,
				F55ED8A4196766EA002F4B7F /* Frameworks */,
				F55ED8A3196766EA002F4B7F /* Products */,
			);
			sourceTree = "<group>";
		};
		F55ED8A3196766EA002F4B7F /* Products */ = {
			isa = PBXGroup;
			children = (
				F55ED8A2196766EA002F4B7F /* sapraboapp.app */,
				F55ED8C3196766EA002F4B7F /* sapraboappTests.xctest */,
			);
			name = Products;
			sourceTree = "<group>";
		};
		F55ED8A4196766EA002F4B7F /* Frameworks */ = {
			isa = PBXGroup;
			children = (
				F55ED8A5196766EA002F4B7F /* Foundation.framework */,
				F55ED8A7196766EA002F4B7F /* CoreGraphics.framework */,
				F55ED8A9196766EA002F4B7F /* UIKit.framework */,
				F55ED8C4196766EA002F4B7F /* XCTest.framework */,
			);
			name = Frameworks;
			sourceTree = "<group>";
		};
		F55ED8AB196766EA002F4B7F /* sapraboapp */ = {
			isa = PBXGroup;
			children = (
				F55ED8E019676F5B002F4B7F /* MyConstants.h */,
				F55ED8DA196768B2002F4B7F /* BaseViewController.h */,
				F55ED8DB196768B2002F4B7F /* BaseViewController.m */,
				F55ED8DC196768B2002F4B7F /* GeoLocationManager.h */,
				F55ED8DD196768B2002F4B7F /* GeoLocationManager.m */,
				F55ED8B4196766EA002F4B7F /* AppDelegate.h */,
				F55ED8B5196766EA002F4B7F /* AppDelegate.m */,
				F55ED8B7196766EA002F4B7F /* Main.storyboard */,
				F55ED8BA196766EA002F4B7F /* MainViewController.h */,
				F55ED8BB196766EA002F4B7F /* MainViewController.m */,
				F55ED8BD196766EA002F4B7F /* Images.xcassets */,
				F55ED8AC196766EA002F4B7F /* Supporting Files */,
			);
			path = sapraboapp;
			sourceTree = "<group>";
		};
		F55ED8AC196766EA002F4B7F /* Supporting Files */ = {
			isa = PBXGroup;
			children = (
				F55ED8AD196766EA002F4B7F /* sapraboapp-Info.plist */,
				F55ED8AE196766EA002F4B7F /* InfoPlist.strings */,
				F55ED8B1196766EA002F4B7F /* main.m */,
				F55ED8B3196766EA002F4B7F /* sapraboapp-Prefix.pch */,
			);
			name = "Supporting Files";
			sourceTree = "<group>";
		};
		F55ED8CA196766EA002F4B7F /* sapraboappTests */ = {
			isa = PBXGroup;
			children = (
				F55ED8D0196766EA002F4B7F /* sapraboappTests.m */,
				F55ED8CB196766EA002F4B7F /* Supporting Files */,
			);
			path = sapraboappTests;
			sourceTree = "<group>";
		};
		F55ED8CB196766EA002F4B7F /* Supporting Files */ = {
			isa = PBXGroup;
			children = (
				F55ED8CC196766EA002F4B7F /* sapraboappTests-Info.plist */,
				F55ED8CD196766EA002F4B7F /* InfoPlist.strings */,
			);
			name = "Supporting Files";
			sourceTree = "<group>";
		};
/* End PBXGroup section */

/* Begin PBXNativeTarget section */
		F55ED8A1196766EA002F4B7F /* sapraboapp */ = {
			isa = PBXNativeTarget;
			buildConfigurationList = F55ED8D4196766EA002F4B7F /* Build configuration list for PBXNativeTarget "sapraboapp" */;
			buildPhases = (
				F55ED89E196766EA002F4B7F /* Sources */,
				F55ED89F196766EA002F4B7F /* Frameworks */,
				F55ED8A0196766EA002F4B7F /* Resources */,
			);
			buildRules = (
			);
			dependencies = (
			);
			name = sapraboapp;
			productName = sapraboapp;
			productReference = F55ED8A2196766EA002F4B7F /* sapraboapp.app */;
			productType = "com.apple.product-type.application";
		};
		F55ED8C2196766EA002F4B7F /* sapraboappTests */ = {
			isa = PBXNativeTarget;
			buildConfigurationList = F55ED8D7196766EA002F4B7F /* Build configuration list for PBXNativeTarget "sapraboappTests" */;
			buildPhases = (
				F55ED8BF196766EA002F4B7F /* Sources */,
				F55ED8C0196766EA002F4B7F /* Frameworks */,
				F55ED8C1196766EA002F4B7F /* Resources */,
			);
			buildRules = (
			);
			dependencies = (
				F55ED8C9196766EA002F4B7F /* PBXTargetDependency */,
			);
			name = sapraboappTests;
			productName = sapraboappTests;
			productReference = F55ED8C3196766EA002F4B7F /* sapraboappTests.xctest */;
			productType = "com.apple.product-type.bundle.unit-test";
		};
/* End PBXNativeTarget section */

/* Begin PBXProject section */
		F55ED89A196766E9002F4B7F /* Project object */ = {
			isa = PBXProject;
			attributes = {
				LastUpgradeCheck = 0510;
				ORGANIZATIONNAME = SAP;
				TargetAttributes = {
					F55ED8C2196766EA002F4B7F = {
						TestTargetID = F55ED8A1196766EA002F4B7F;
					};
				};
			};
			buildConfigurationList = F55ED89D196766E9002F4B7F /* Build configuration list for PBXProject "sapraboapp" */;
			compatibilityVersion = "Xcode 3.2";
			developmentRegion = English;
			hasScannedForEncodings = 0;
			knownRegions = (
				en,
				Base,
			);
			mainGroup = F55ED899196766E9002F4B7F;
			productRefGroup = F55ED8A3196766EA002F4B7F /* Products */;
			projectDirPath = "";
			projectRoot = "";
			targets = (
				F55ED8A1196766EA002F4B7F /* sapraboapp */,
				F55ED8C2196766EA002F4B7F /* sapraboappTests */,
			);
		};
/* End PBXProject section */

/* Begin PBXResourcesBuildPhase section */
		F55ED8A0196766EA002F4B7F /* Resources */ = {
			isa = PBXResourcesBuildPhase;
			buildActionMask = 2147483647;
			files = (
				F55ED8BE196766EA002F4B7F /* Images.xcassets in Resources */,
				F55ED8B0196766EA002F4B7F /* InfoPlist.strings in Resources */,
				F55ED8B9196766EA002F4B7F /* Main.storyboard in Resources */,
			);
			runOnlyForDeploymentPostprocessing = 0;
		};
		F55ED8C1196766EA002F4B7F /* Resources */ = {
			isa = PBXResourcesBuildPhase;
			buildActionMask = 2147483647;
			files = (
				F55ED8CF196766EA002F4B7F /* InfoPlist.strings in Resources */,
			);
			runOnlyForDeploymentPostprocessing = 0;
		};
/* End PBXResourcesBuildPhase section */

/* Begin PBXSourcesBuildPhase section */
		F55ED89E196766EA002F4B7F /* Sources */ = {
			isa = PBXSourcesBuildPhase;
			buildActionMask = 2147483647;
			files = (
				F55ED8BC196766EA002F4B7F /* MainViewController.m in Sources */,
				F55ED8DE196768B2002F4B7F /* BaseViewController.m in Sources */,
				F55ED8DF196768B2002F4B7F /* GeoLocationManager.m in Sources */,
				F55ED8B6196766EA002F4B7F /* AppDelegate.m in Sources */,
				F55ED8B2196766EA002F4B7F /* main.m in Sources */,
			);
			runOnlyForDeploymentPostprocessing = 0;
		};
		F55ED8BF196766EA002F4B7F /* Sources */ = {
			isa = PBXSourcesBuildPhase;
			buildActionMask = 2147483647;
			files = (
				F55ED8D1196766EA002F4B7F /* sapraboappTests.m in Sources */,
			);
			runOnlyForDeploymentPostprocessing = 0;
		};
/* End PBXSourcesBuildPhase section */

/* Begin PBXTargetDependency section */
		F55ED8C9196766EA002F4B7F /* PBXTargetDependency */ = {
			isa = PBXTargetDependency;
			target = F55ED8A1196766EA002F4B7F /* sapraboapp */;
			targetProxy = F55ED8C8196766EA002F4B7F /* PBXContainerItemProxy */;
		};
/* End PBXTargetDependency section */

/* Begin PBXVariantGroup section */
		F55ED8AE196766EA002F4B7F /* InfoPlist.strings */ = {
			isa = PBXVariantGroup;
			children = (
				F55ED8AF196766EA002F4B7F /* en */,
			);
			name = InfoPlist.strings;
			sourceTree = "<group>";
		};
		F55ED8B7196766EA002F4B7F /* Main.storyboard */ = {
			isa = PBXVariantGroup;
			children = (
				F55ED8B8196766EA002F4B7F /* Base */,
			);
			name = Main.storyboard;
			sourceTree = "<group>";
		};
		F55ED8CD196766EA002F4B7F /* InfoPlist.strings */ = {
			isa = PBXVariantGroup;
			children = (
				F55ED8CE196766EA002F4B7F /* en */,
			);
			name = InfoPlist.strings;
			sourceTree = "<group>";
		};
/* End PBXVariantGroup section */

/* Begin XCBuildConfiguration section */
		F55ED8D2196766EA002F4B7F /* Debug */ = {
			isa = XCBuildConfiguration;
			buildSettings = {
				ALWAYS_SEARCH_USER_PATHS = NO;
				CLANG_CXX_LANGUAGE_STANDARD = "gnu++0x";
				CLANG_CXX_LIBRARY = "libc++";
				CLANG_ENABLE_MODULES = YES;
				CLANG_ENABLE_OBJC_ARC = YES;
				CLANG_WARN_BOOL_CONVERSION = YES;
				CLANG_WARN_CONSTANT_CONVERSION = YES;
				CLANG_WARN_DIRECT_OBJC_ISA_USAGE = YES_ERROR;
				CLANG_WARN_EMPTY_BODY = YES;
				CLANG_WARN_ENUM_CONVERSION = YES;
				CLANG_WARN_INT_CONVERSION = YES;
				CLANG_WARN_OBJC_ROOT_CLASS = YES_ERROR;
				CLANG_WARN__DUPLICATE_METHOD_MATCH = YES;
				"CODE_SIGN_IDENTITY[sdk=iphoneos*]" = "iPhone Developer";
				COPY_PHASE_STRIP = NO;
				GCC_C_LANGUAGE_STANDARD = gnu99;
				GCC_DYNAMIC_NO_PIC = NO;
				GCC_OPTIMIZATION_LEVEL = 0;
				GCC_PREPROCESSOR_DEFINITIONS = (
					"DEBUG=1",
					"$(inherited)",
				);
				GCC_SYMBOLS_PRIVATE_EXTERN = NO;
				GCC_WARN_64_TO_32_BIT_CONVERSION = YES;
				GCC_WARN_ABOUT_RETURN_TYPE = YES_ERROR;
				GCC_WARN_UNDECLARED_SELECTOR = YES;
				GCC_WARN_UNINITIALIZED_AUTOS = YES_AGGRESSIVE;
				GCC_WARN_UNUSED_FUNCTION = YES;
				GCC_WARN_UNUSED_VARIABLE = YES;
				IPHONEOS_DEPLOYMENT_TARGET = 7.1;
				ONLY_ACTIVE_ARCH = YES;
				SDKROOT = iphoneos;
			};
			name = Debug;
		};
		F55ED8D3196766EA002F4B7F /* Release */ = {
			isa = XCBuildConfiguration;
			buildSettings = {
				ALWAYS_SEARCH_USER_PATHS = NO;
				CLANG_CXX_LANGUAGE_STANDARD = "gnu++0x";
				CLANG_CXX_LIBRARY = "libc++";
				CLANG_ENABLE_MODULES = YES;
				CLANG_ENABLE_OBJC_ARC = YES;
				CLANG_WARN_BOOL_CONVERSION = YES;
				CLANG_WARN_CONSTANT_CONVERSION = YES;
				CLANG_WARN_DIRECT_OBJC_ISA_USAGE = YES_ERROR;
				CLANG_WARN_EMPTY_BODY = YES;
				CLANG_WARN_ENUM_CONVERSION = YES;
				CLANG_WARN_INT_CONVERSION = YES;
				CLANG_WARN_OBJC_ROOT_CLASS = YES_ERROR;
				CLANG_WARN__DUPLICATE_METHOD_MATCH = YES;
				"CODE_SIGN_IDENTITY[sdk=iphoneos*]" = "iPhone Developer";
				COPY_PHASE_STRIP = YES;
				ENABLE_NS_ASSERTIONS = NO;
				GCC_C_LANGUAGE_STANDARD = gnu99;
				GCC_WARN_64_TO_32_BIT_CONVERSION = YES;
				GCC_WARN_ABOUT_RETURN_TYPE = YES_ERROR;
				GCC_WARN_UNDECLARED_SELECTOR = YES;
				GCC_WARN_UNINITIALIZED_AUTOS = YES_AGGRESSIVE;
				GCC_WARN_UNUSED_FUNCTION = YES;
				GCC_WARN_UNUSED_VARIABLE = YES;
				IPHONEOS_DEPLOYMENT_TARGET = 7.1;
				SDKROOT = iphoneos;
				VALIDATE_PRODUCT = YES;
			};
			name = Release;
		};
		F55ED8D5196766EA002F4B7F /* Debug */ = {
			isa = XCBuildConfiguration;
			buildSettings = {
				ASSETCATALOG_COMPILER_APPICON_NAME = AppIcon;
				ASSETCATALOG_COMPILER_LAUNCHIMAGE_NAME = LaunchImage;
				GCC_PRECOMPILE_PREFIX_HEADER = YES;
				GCC_PREFIX_HEADER = "sapraboapp/sapraboapp-Prefix.pch";
				INFOPLIST_FILE = "sapraboapp/sapraboapp-Info.plist";
				PRODUCT_NAME = "$(TARGET_NAME)";
				WRAPPER_EXTENSION = app;
			};
			name = Debug;
		};
		F55ED8D6196766EA002F4B7F /* Release */ = {
			isa = XCBuildConfiguration;
			buildSettings = {
				ASSETCATALOG_COMPILER_APPICON_NAME = AppIcon;
				ASSETCATALOG_COMPILER_LAUNCHIMAGE_NAME = LaunchImage;
				GCC_PRECOMPILE_PREFIX_HEADER = YES;
				GCC_PREFIX_HEADER = "sapraboapp/sapraboapp-Prefix.pch";
				INFOPLIST_FILE = "sapraboapp/sapraboapp-Info.plist";
				PRODUCT_NAME = "$(TARGET_NAME)";
				WRAPPER_EXTENSION = app;
			};
			name = Release;
		};
		F55ED8D8196766EA002F4B7F /* Debug */ = {
			isa = XCBuildConfiguration;
			buildSettings = {
				BUNDLE_LOADER = "$(BUILT_PRODUCTS_DIR)/sapraboapp.app/sapraboapp";
				FRAMEWORK_SEARCH_PATHS = (
					"$(SDKROOT)/Developer/Library/Frameworks",
					"$(inherited)",
					"$(DEVELOPER_FRAMEWORKS_DIR)",
				);
				GCC_PRECOMPILE_PREFIX_HEADER = YES;
				GCC_PREFIX_HEADER = "sapraboapp/sapraboapp-Prefix.pch";
				GCC_PREPROCESSOR_DEFINITIONS = (
					"DEBUG=1",
					"$(inherited)",
				);
				INFOPLIST_FILE = "sapraboappTests/sapraboappTests-Info.plist";
				PRODUCT_NAME = "$(TARGET_NAME)";
				TEST_HOST = "$(BUNDLE_LOADER)";
				WRAPPER_EXTENSION = xctest;
			};
			name = Debug;
		};
		F55ED8D9196766EA002F4B7F /* Release */ = {
			isa = XCBuildConfiguration;
			buildSettings = {
				BUNDLE_LOADER = "$(BUILT_PRODUCTS_DIR)/sapraboapp.app/sapraboapp";
				FRAMEWORK_SEARCH_PATHS = (
					"$(SDKROOT)/Developer/Library/Frameworks",
					"$(inherited)",
					"$(DEVELOPER_FRAMEWORKS_DIR)",
				);
				GCC_PRECOMPILE_PREFIX_HEADER = YES;
				GCC_PREFIX_HEADER = "sapraboapp/sapraboapp-Prefix.pch";
				INFOPLIST_FILE = "sapraboappTests/sapraboappTests-Info.plist";
				PRODUCT_NAME = "$(TARGET_NAME)";
				TEST_HOST = "$(BUNDLE_LOADER)";
				WRAPPER_EXTENSION = xctest;
			};
			name = Release;
		};
/* End XCBuildConfiguration section */

/* Begin XCConfigurationList section */
		F55ED89D196766E9002F4B7F /* Build configuration list for PBXProject "sapraboapp" */ = {
			isa = XCConfigurationList;
			buildConfigurations = (
				F55ED8D2196766EA002F4B7F /* Debug */,
				F55ED8D3196766EA002F4B7F /* Release */,
			);
			defaultConfigurationIsVisible = 0;
			defaultConfigurationName = Release;
		};
		F55ED8D4196766EA002F4B7F /* Build configuration list for PBXNativeTarget "sapraboapp" */ = {
			isa = XCConfigurationList;
			buildConfigurations = (
				F55ED8D5196766EA002F4B7F /* Debug */,
				F55ED8D6196766EA002F4B7F /* Release */,
			);
			defaultConfigurationIsVisible = 0;
		};
		F55ED8D7196766EA002F4B7F /* Build configuration list for PBXNativeTarget "sapraboappTests" */ = {
			isa = XCConfigurationList;
			buildConfigurations = (
				F55ED8D8196766EA002F4B7F /* Debug */,
				F55ED8D9196766EA002F4B7F /* Release */,
			);
			defaultConfigurationIsVisible = 0;
		};
/* End XCConfigurationList section */
	};
	rootObject = F55ED89A196766E9002F4B7F /* Project object */;
}
